
Microsoft Visual Studio Solution File, Format Version 12.00
# Visual Studio Version 16
VisualStudioVersion = 16.0.29519.181
MinimumVisualStudioVersion = 10.0.40219.1
Project("{9A19103F-16F7-4668-BE54-9A1E7A4F7556}") = "ProntoMobile.Common", "ProntoMobile.Common\ProntoMobile.Common.csproj", "{598C4224-3849-49FD-A257-9C6004F9A79A}"
EndProject
Project("{9A19103F-16F7-4668-BE54-9A1E7A4F7556}") = "ProntoMobile.Web", "ProntoMobile.Web\ProntoMobile.Web.csproj", "{367652DA-1217-4EE9-8978-EBFFBA3FB235}"
EndProject
Project("{FAE04EC0-301F-11D3-BF4B-00C04F79EFBC}") = "ProntoMobile.Prism", "ProntoMobile.Prism\ProntoMobile.Prism\ProntoMobile.Prism.csproj", "{70BC209D-F873-4C33-9751-04CDF6A30D08}"
EndProject
Project("{FAE04EC0-301F-11D3-BF4B-00C04F79EFBC}") = "ProntoMobile.Prism.Android", "ProntoMobile.Prism\ProntoMobile.Prism.Android\ProntoMobile.Prism.Android.csproj", "{FCF0B459-2204-4788-9400-3F5F77E70DE1}"
EndProject
Project("{FAE04EC0-301F-11D3-BF4B-00C04F79EFBC}") = "ProntoMobile.Prism.iOS", "ProntoMobile.Prism\ProntoMobile.Prism.iOS\ProntoMobile.Prism.iOS.csproj", "{81787B7F-35EE-471C-A77A-25BBEB8CCDB0}"
EndProject
Global
	GlobalSection(SolutionConfigurationPlatforms) = preSolution
		Ad-Hoc|Any CPU = Ad-Hoc|Any CPU
		Ad-Hoc|iPhone = Ad-Hoc|iPhone
		Ad-Hoc|iPhoneSimulator = Ad-Hoc|iPhoneSimulator
		AppStore|Any CPU = AppStore|Any CPU
		AppStore|iPhone = AppStore|iPhone
		AppStore|iPhoneSimulator = AppStore|iPhoneSimulator
		Debug|Any CPU = Debug|Any CPU
		Debug|iPhone = Debug|iPhone
		Debug|iPhoneSimulator = Debug|iPhoneSimulator
		Release|Any CPU = Release|Any CPU
		Release|iPhone = Release|iPhone
		Release|iPhoneSimulator = Release|iPhoneSimulator
	EndGlobalSection
	GlobalSection(ProjectConfigurationPlatforms) = postSolution
		{598C4224-3849-49FD-A257-9C6004F9A79A}.Ad-Hoc|Any CPU.ActiveCfg = Release|Any CPU
		{598C4224-3849-49FD-A257-9C6004F9A79A}.Ad-Hoc|Any CPU.Build.0 = Release|Any CPU
		{598C4224-3849-49FD-A257-9C6004F9A79A}.Ad-Hoc|iPhone.ActiveCfg = Release|Any CPU
		{598C4224-3849-49FD-A257-9C6004F9A79A}.Ad-Hoc|iPhone.Build.0 = Release|Any CPU
		{598C4224-3849-49FD-A257-9C6004F9A79A}.Ad-Hoc|iPhoneSimulator.ActiveCfg = Release|Any CPU
		{598C4224-3849-49FD-A257-9C6004F9A79A}.Ad-Hoc|iPhoneSimulator.Build.0 = Release|Any CPU
		{598C4224-3849-49FD-A257-9C6004F9A79A}.AppStore|Any CPU.ActiveCfg = Release|Any CPU
		{598C4224-3849-49FD-A257-9C6004F9A79A}.AppStore|Any CPU.Build.0 = Release|Any CPU
		{598C4224-3849-49FD-A257-9C6004F9A79A}.AppStore|iPhone.ActiveCfg = Release|Any CPU
		{598C4224-3849-49FD-A257-9C6004F9A79A}.AppStore|iPhone.Build.0 = Release|Any CPU
		{598C4224-3849-49FD-A257-9C6004F9A79A}.AppStore|iPhoneSimulator.ActiveCfg = Release|Any CPU
		{598C4224-3849-49FD-A257-9C6004F9A79A}.AppStore|iPhoneSimulator.Build.0 = Release|Any CPU
		{598C4224-3849-49FD-A257-9C6004F9A79A}.Debug|Any CPU.ActiveCfg = Debug|Any CPU
		{598C4224-3849-49FD-A257-9C6004F9A79A}.Debug|Any CPU.Build.0 = Debug|Any CPU
		{598C4224-3849-49FD-A257-9C6004F9A79A}.Debug|iPhone.ActiveCfg = Debug|Any CPU
		{598C4224-3849-49FD-A257-9C6004F9A79A}.Debug|iPhone.Build.0 = Debug|Any CPU
		{598C4224-3849-49FD-A257-9C6004F9A79A}.Debug|iPhoneSimulator.ActiveCfg = Debug|Any CPU
		{598C4224-3849-49FD-A257-9C6004F9A79A}.Debug|iPhoneSimulator.Build.0 = Debug|Any CPU
		{598C4224-3849-49FD-A257-9C6004F9A79A}.Release|Any CPU.ActiveCfg = Release|Any CPU
		{598C4224-3849-49FD-A257-9C6004F9A79A}.Release|Any CPU.Build.0 = Release|Any CPU
		{598C4224-3849-49FD-A257-9C6004F9A79A}.Release|iPhone.ActiveCfg = Release|Any CPU
		{598C4224-3849-49FD-A257-9C6004F9A79A}.Release|iPhone.Build.0 = Release|Any CPU
		{598C4224-3849-49FD-A257-9C6004F9A79A}.Release|iPhoneSimulator.ActiveCfg = Release|Any CPU
		{598C4224-3849-49FD-A257-9C6004F9A79A}.Release|iPhoneSimulator.Build.0 = Release|Any CPU
		{367652DA-1217-4EE9-8978-EBFFBA3FB235}.Ad-Hoc|Any CPU.ActiveCfg = Release|Any CPU
		{367652DA-1217-4EE9-8978-EBFFBA3FB235}.Ad-Hoc|Any CPU.Build.0 = Release|Any CPU
		{367652DA-1217-4EE9-8978-EBFFBA3FB235}.Ad-Hoc|iPhone.ActiveCfg = Release|Any CPU
		{367652DA-1217-4EE9-8978-EBFFBA3FB235}.Ad-Hoc|iPhone.Build.0 = Release|Any CPU
		{367652DA-1217-4EE9-8978-EBFFBA3FB235}.Ad-Hoc|iPhoneSimulator.ActiveCfg = Release|Any CPU
		{367652DA-1217-4EE9-8978-EBFFBA3FB235}.Ad-Hoc|iPhoneSimulator.Build.0 = Release|Any CPU
		{367652DA-1217-4EE9-8978-EBFFBA3FB235}.AppStore|Any CPU.ActiveCfg = Release|Any CPU
		{367652DA-1217-4EE9-8978-EBFFBA3FB235}.AppStore|Any CPU.Build.0 = Release|Any CPU
		{367652DA-1217-4EE9-8978-EBFFBA3FB235}.AppStore|iPhone.ActiveCfg = Release|Any CPU
		{367652DA-1217-4EE9-8978-EBFFBA3FB235}.AppStore|iPhone.Build.0 = Release|Any CPU
		{367652DA-1217-4EE9-8978-EBFFBA3FB235}.AppStore|iPhoneSimulator.ActiveCfg = Release|Any CPU
		{367652DA-1217-4EE9-8978-EBFFBA3FB235}.AppStore|iPhoneSimulator.Build.0 = Release|Any CPU
		{367652DA-1217-4EE9-8978-EBFFBA3FB235}.Debug|Any CPU.ActiveCfg = Debug|Any CPU
		{367652DA-1217-4EE9-8978-EBFFBA3FB235}.Debug|Any CPU.Build.0 = Debug|Any CPU
		{367652DA-1217-4EE9-8978-EBFFBA3FB235}.Debug|iPhone.ActiveCfg = Debug|Any CPU
		{367652DA-1217-4EE9-8978-EBFFBA3FB235}.Debug|iPhone.Build.0 = Debug|Any CPU
		{367652DA-1217-4EE9-8978-EBFFBA3FB235}.Debug|iPhoneSimulator.ActiveCfg = Debug|Any CPU
		{367652DA-1217-4EE9-8978-EBFFBA3FB235}.Debug|iPhoneSimulator.Build.0 = Debug|Any CPU
		{367652DA-1217-4EE9-8978-EBFFBA3FB235}.Release|Any CPU.ActiveCfg = Release|Any CPU
		{367652DA-1217-4EE9-8978-EBFFBA3FB235}.Release|Any CPU.Build.0 = Release|Any CPU
		{367652DA-1217-4EE9-8978-EBFFBA3FB235}.Release|iPhone.ActiveCfg = Release|Any CPU
		{367652DA-1217-4EE9-8978-EBFFBA3FB235}.Release|iPhone.Build.0 = Release|Any CPU
		{367652DA-1217-4EE9-8978-EBFFBA3FB235}.Release|iPhoneSimulator.ActiveCfg = Release|Any CPU
		{367652DA-1217-4EE9-8978-EBFFBA3FB235}.Release|iPhoneSimulator.Build.0 = Release|Any CPU
		{70BC209D-F873-4C33-9751-04CDF6A30D08}.Ad-Hoc|Any CPU.ActiveCfg = Debug|Any CPU
		{70BC209D-F873-4C33-9751-04CDF6A30D08}.Ad-Hoc|Any CPU.Build.0 = Debug|Any CPU
		{70BC209D-F873-4C33-9751-04CDF6A30D08}.Ad-Hoc|iPhone.ActiveCfg = Debug|Any CPU
		{70BC209D-F873-4C33-9751-04CDF6A30D08}.Ad-Hoc|iPhone.Build.0 = Debug|Any CPU
		{70BC209D-F873-4C33-9751-04CDF6A30D08}.Ad-Hoc|iPhoneSimulator.ActiveCfg = Debug|Any CPU
		{70BC209D-F873-4C33-9751-04CDF6A30D08}.Ad-Hoc|iPhoneSimulator.Build.0 = Debug|Any CPU
		{70BC209D-F873-4C33-9751-04CDF6A30D08}.AppStore|Any CPU.ActiveCfg = Debug|Any CPU
		{70BC209D-F873-4C33-9751-04CDF6A30D08}.AppStore|Any CPU.Build.0 = Debug|Any CPU
		{70BC209D-F873-4C33-9751-04CDF6A30D08}.AppStore|iPhone.ActiveCfg = Debug|Any CPU
		{70BC209D-F873-4C33-9751-04CDF6A30D08}.AppStore|iPhone.Build.0 = Debug|Any CPU
		{70BC209D-F873-4C33-9751-04CDF6A30D08}.AppStore|iPhoneSimulator.ActiveCfg = Debug|Any CPU
		{70BC209D-F873-4C33-9751-04CDF6A30D08}.AppStore|iPhoneSimulator.Build.0 = Debug|Any CPU
		{70BC209D-F873-4C33-9751-04CDF6A30D08}.Debug|Any CPU.ActiveCfg = Debug|Any CPU
		{70BC209D-F873-4C33-9751-04CDF6A30D08}.Debug|Any CPU.Build.0 = Debug|Any CPU
		{70BC209D-F873-4C33-9751-04CDF6A30D08}.Debug|iPhone.ActiveCfg = Debug|Any CPU
		{70BC209D-F873-4C33-9751-04CDF6A30D08}.Debug|iPhone.Build.0 = Debug|Any CPU
		{70BC209D-F873-4C33-9751-04CDF6A30D08}.Debug|iPhoneSimulator.ActiveCfg = Debug|Any CPU
		{70BC209D-F873-4C33-9751-04CDF6A30D08}.Debug|iPhoneSimulator.Build.0 = Debug|Any CPU
		{70BC209D-F873-4C33-9751-04CDF6A30D08}.Release|Any CPU.ActiveCfg = Release|Any CPU
		{70BC209D-F873-4C33-9751-04CDF6A30D08}.Release|Any CPU.Build.0 = Release|Any CPU
		{70BC209D-F873-4C33-9751-04CDF6A30D08}.Release|iPhone.ActiveCfg = Release|Any CPU
		{70BC209D-F873-4C33-9751-04CDF6A30D08}.Release|iPhone.Build.0 = Release|Any CPU
		{70BC209D-F873-4C33-9751-04CDF6A30D08}.Release|iPhoneSimulator.ActiveCfg = Release|Any CPU
		{70BC209D-F873-4C33-9751-04CDF6A30D08}.Release|iPhoneSimulator.Build.0 = Release|Any CPU
		{FCF0B459-2204-4788-9400-3F5F77E70DE1}.Ad-Hoc|Any CPU.ActiveCfg = Release|Any CPU
		{FCF0B459-2204-4788-9400-3F5F77E70DE1}.Ad-Hoc|Any CPU.Build.0 = Release|Any CPU
		{FCF0B459-2204-4788-9400-3F5F77E70DE1}.Ad-Hoc|Any CPU.Deploy.0 = Release|Any CPU
		{FCF0B459-2204-4788-9400-3F5F77E70DE1}.Ad-Hoc|iPhone.ActiveCfg = Release|Any CPU
		{FCF0B459-2204-4788-9400-3F5F77E70DE1}.Ad-Hoc|iPhone.Build.0 = Release|Any CPU
		{FCF0B459-2204-4788-9400-3F5F77E70DE1}.Ad-Hoc|iPhone.Deploy.0 = Release|Any CPU
		{FCF0B459-2204-4788-9400-3F5F77E70DE1}.Ad-Hoc|iPhoneSimulator.ActiveCfg = Release|Any CPU
		{FCF0B459-2204-4788-9400-3F5F77E70DE1}.Ad-Hoc|iPhoneSimulator.Build.0 = Release|Any CPU
		{FCF0B459-2204-4788-9400-3F5F77E70DE1}.Ad-Hoc|iPhoneSimulator.Deploy.0 = Release|Any CPU
		{FCF0B459-2204-4788-9400-3F5F77E70DE1}.AppStore|Any CPU.ActiveCfg = Release|Any CPU
		{FCF0B459-2204-4788-9400-3F5F77E70DE1}.AppStore|Any CPU.Build.0 = Release|Any CPU
		{FCF0B459-2204-4788-9400-3F5F77E70DE1}.AppStore|Any CPU.Deploy.0 = Release|Any CPU
		{FCF0B459-2204-4788-9400-3F5F77E70DE1}.AppStore|iPhone.ActiveCfg = Release|Any CPU
		{FCF0B459-2204-4788-9400-3F5F77E70DE1}.AppStore|iPhone.Build.0 = Release|Any CPU
		{FCF0B459-2204-4788-9400-3F5F77E70DE1}.AppStore|iPhone.Deploy.0 = Release|Any CPU
		{FCF0B459-2204-4788-9400-3F5F77E70DE1}.AppStore|iPhoneSimulator.ActiveCfg = Release|Any CPU
		{FCF0B459-2204-4788-9400-3F5F77E70DE1}.AppStore|iPhoneSimulator.Build.0 = Release|Any CPU
		{FCF0B459-2204-4788-9400-3F5F77E70DE1}.AppStore|iPhoneSimulator.Deploy.0 = Release|Any CPU
		{FCF0B459-2204-4788-9400-3F5F77E70DE1}.Debug|Any CPU.ActiveCfg = Debug|Any CPU
		{FCF0B459-2204-4788-9400-3F5F77E70DE1}.Debug|Any CPU.Build.0 = Debug|Any CPU
		{FCF0B459-2204-4788-9400-3F5F77E70DE1}.Debug|Any CPU.Deploy.0 = Debug|Any CPU
		{FCF0B459-2204-4788-9400-3F5F77E70DE1}.Debug|iPhone.ActiveCfg = Debug|Any CPU
		{FCF0B459-2204-4788-9400-3F5F77E70DE1}.Debug|iPhone.Build.0 = Debug|Any CPU
		{FCF0B459-2204-4788-9400-3F5F77E70DE1}.Debug|iPhone.Deploy.0 = Debug|Any CPU
		{FCF0B459-2204-4788-9400-3F5F77E70DE1}.Debug|iPhoneSimulator.ActiveCfg = Debug|Any CPU
		{FCF0B459-2204-4788-9400-3F5F77E70DE1}.Debug|iPhoneSimulator.Build.0 = Debug|Any CPU
		{FCF0B459-2204-4788-9400-3F5F77E70DE1}.Debug|iPhoneSimulator.Deploy.0 = Debug|Any CPU
		{FCF0B459-2204-4788-9400-3F5F77E70DE1}.Release|Any CPU.ActiveCfg = Release|Any CPU
		{FCF0B459-2204-4788-9400-3F5F77E70DE1}.Release|Any CPU.Build.0 = Release|Any CPU
		{FCF0B459-2204-4788-9400-3F5F77E70DE1}.Release|Any CPU.Deploy.0 = Release|Any CPU
		{FCF0B459-2204-4788-9400-3F5F77E70DE1}.Release|iPhone.ActiveCfg = Release|Any CPU
		{FCF0B459-2204-4788-9400-3F5F77E70DE1}.Release|iPhone.Build.0 = Release|Any CPU
		{FCF0B459-2204-4788-9400-3F5F77E70DE1}.Release|iPhone.Deploy.0 = Release|Any CPU
		{FCF0B459-2204-4788-9400-3F5F77E70DE1}.Release|iPhoneSimulator.ActiveCfg = Release|Any CPU
		{FCF0B459-2204-4788-9400-3F5F77E70DE1}.Release|iPhoneSimulator.Build.0 = Release|Any CPU
		{FCF0B459-2204-4788-9400-3F5F77E70DE1}.Release|iPhoneSimulator.Deploy.0 = Release|Any CPU
		{81787B7F-35EE-471C-A77A-25BBEB8CCDB0}.Ad-Hoc|Any CPU.ActiveCfg = Ad-Hoc|iPhone
		{81787B7F-35EE-471C-A77A-25BBEB8CCDB0}.Ad-Hoc|iPhone.ActiveCfg = Ad-Hoc|iPhone
		{81787B7F-35EE-471C-A77A-25BBEB8CCDB0}.Ad-Hoc|iPhone.Build.0 = Ad-Hoc|iPhone
		{81787B7F-35EE-471C-A77A-25BBEB8CCDB0}.Ad-Hoc|iPhoneSimulator.ActiveCfg = Ad-Hoc|iPhoneSimulator
		{81787B7F-35EE-471C-A77A-25BBEB8CCDB0}.Ad-Hoc|iPhoneSimulator.Build.0 = Ad-Hoc|iPhoneSimulator
		{81787B7F-35EE-471C-A77A-25BBEB8CCDB0}.AppStore|Any CPU.ActiveCfg = AppStore|iPhone
		{81787B7F-35EE-471C-A77A-25BBEB8CCDB0}.AppStore|iPhone.ActiveCfg = AppStore|iPhone
		{81787B7F-35EE-471C-A77A-25BBEB8CCDB0}.AppStore|iPhone.Build.0 = AppStore|iPhone
		{81787B7F-35EE-471C-A77A-25BBEB8CCDB0}.AppStore|iPhoneSimulator.ActiveCfg = AppStore|iPhoneSimulator
		{81787B7F-35EE-471C-A77A-25BBEB8CCDB0}.AppStore|iPhoneSimulator.Build.0 = AppStore|iPhoneSimulator
		{81787B7F-35EE-471C-A77A-25BBEB8CCDB0}.Debug|Any CPU.ActiveCfg = Debug|iPhone
		{81787B7F-35EE-471C-A77A-25BBEB8CCDB0}.Debug|iPhone.ActiveCfg = Debug|iPhone
		{81787B7F-35EE-471C-A77A-25BBEB8CCDB0}.Debug|iPhone.Build.0 = Debug|iPhone
		{81787B7F-35EE-471C-A77A-25BBEB8CCDB0}.Debug|iPhoneSimulator.ActiveCfg = Debug|iPhoneSimulator
		{81787B7F-35EE-471C-A77A-25BBEB8CCDB0}.Debug|iPhoneSimulator.Build.0 = Debug|iPhoneSimulator
		{81787B7F-35EE-471C-A77A-25BBEB8CCDB0}.Release|Any CPU.ActiveCfg = Release|iPhone
		{81787B7F-35EE-471C-A77A-25BBEB8CCDB0}.Release|iPhone.ActiveCfg = Release|iPhone
		{81787B7F-35EE-471C-A77A-25BBEB8CCDB0}.Release|iPhone.Build.0 = Release|iPhone
		{81787B7F-35EE-471C-A77A-25BBEB8CCDB0}.Release|iPhoneSimulator.ActiveCfg = Release|iPhoneSimulator
		{81787B7F-35EE-471C-A77A-25BBEB8CCDB0}.Release|iPhoneSimulator.Build.0 = Release|iPhoneSimulator
	EndGlobalSection
	GlobalSection(SolutionProperties) = preSolution
		HideSolutionNode = FALSE
	EndGlobalSection
	GlobalSection(ExtensibilityGlobals) = postSolution
		RESX_NeutralResourcesLanguage = es-AR
		SolutionGuid = {F248C829-49AF-4018-933C-3A35290E34C9}
	EndGlobalSection
EndGlobal
